{
  "nodes": {
    "nixpkgs": {
      "locked": {
        "lastModified": 1768564909,
        "narHash": "sha256-Kell/SpJYVkHWMvnhqJz/8DqQg2b6PguxVWOuadbHCc=",
        "owner": "nixos",
        "repo": "nixpkgs",
        "rev": "e4bae1bd10c9c57b2cf517953ab70060a828ee6f",
        "type": "github"
      },
      "original": {
        "owner": "nixos",
        "ref": "nixos-unstable",
        "repo": "nixpkgs",
        "type": "github"
      }
    },
    "root": {
      "inputs": {
        "nixpkgs": "nixpkgs",
        "scroll-git": "scroll-git",
        "scroll-stable": "scroll-stable"
      }
    },
    "scroll-git": {
      "flake": false,
      "locked": {
        "lastModified": 1768772083,
        "narHash": "sha256-eyid4YL6VkuDBNwHyRCi3qLPzmltm8L6xwx4XgVi5T8=",
        "ref": "master",
        "rev": "7e121115bdbd242d00ec4fb50a9227a852d85397",
        "revCount": 8108,
        "type": "git",
        "url": "https://github.com/dawsers/scroll"
      },
      "original": {
        "ref": "master",
        "type": "git",
        "url": "https://github.com/dawsers/scroll"
      }
    },
    "scroll-stable": {
      "flake": false,
      "locked": {
        "lastModified": 1767091886,
        "narHash": "sha256-1P+BHUzFMDN42dx9QCKW2fkkXggFZtmko/sQHeCx9IM=",
        "ref": "refs/tags/1.12.4",
        "rev": "7501869147e3066819e33152f3259370453c853f",
        "revCount": 8062,
        "type": "git",
        "url": "https://github.com/dawsers/scroll"
      },
      "original": {
        "ref": "refs/tags/1.12.4",
        "type": "git",
        "url": "https://github.com/dawsers/scroll"
      }
    }
  },
  "root": "root",
  "version": 7
}
