{
  "nodes": {
    "nixpkgs": {
      "locked": {
        "lastModified": 1767379071,
        "narHash": "sha256-EgE0pxsrW9jp9YFMkHL9JMXxcqi/OoumPJYwf+Okucw=",
        "owner": "nixos",
        "repo": "nixpkgs",
        "rev": "fb7944c166a3b630f177938e478f0378e64ce108",
        "type": "github"
      },
      "original": {
        "owner": "nixos",
        "ref": "nixos-unstable",
        "repo": "nixpkgs",
        "type": "github"
      }
    },
    "root": {
      "inputs": {
        "nixpkgs": "nixpkgs",
        "scroll-git": "scroll-git",
        "scroll-stable": "scroll-stable"
      }
    },
    "scroll-git": {
      "flake": false,
      "locked": {
        "lastModified": 1767655936,
        "narHash": "sha256-p2+uMiAq0sI1JzSkGTNAaUh+nQjwrOeIp3MqqHzc8/w=",
        "ref": "master",
        "rev": "6bedf568d7e7a270df3a2afb816438a51f7b8bff",
        "revCount": 8077,
        "type": "git",
        "url": "https://github.com/dawsers/scroll"
      },
      "original": {
        "ref": "master",
        "type": "git",
        "url": "https://github.com/dawsers/scroll"
      }
    },
    "scroll-stable": {
      "flake": false,
      "locked": {
        "lastModified": 1767091886,
        "narHash": "sha256-1P+BHUzFMDN42dx9QCKW2fkkXggFZtmko/sQHeCx9IM=",
        "ref": "refs/tags/1.12.4",
        "rev": "7501869147e3066819e33152f3259370453c853f",
        "revCount": 8062,
        "type": "git",
        "url": "https://github.com/dawsers/scroll"
      },
      "original": {
        "ref": "refs/tags/1.12.4",
        "type": "git",
        "url": "https://github.com/dawsers/scroll"
      }
    }
  },
  "root": "root",
  "version": 7
}
