{
  "nodes": {
    "nixpkgs": {
      "locked": {
        "lastModified": 1768305791,
        "narHash": "sha256-AIdl6WAn9aymeaH/NvBj0H9qM+XuAuYbGMZaP0zcXAQ=",
        "owner": "nixos",
        "repo": "nixpkgs",
        "rev": "1412caf7bf9e660f2f962917c14b1ea1c3bc695e",
        "type": "github"
      },
      "original": {
        "owner": "nixos",
        "ref": "nixos-unstable",
        "repo": "nixpkgs",
        "type": "github"
      }
    },
    "root": {
      "inputs": {
        "nixpkgs": "nixpkgs",
        "scroll-git": "scroll-git",
        "scroll-stable": "scroll-stable"
      }
    },
    "scroll-git": {
      "flake": false,
      "locked": {
        "lastModified": 1768493498,
        "narHash": "sha256-w/bZq84MsBlUXJMn3FaZhDbgZ/DoLfgPylLx6ChZuhQ=",
        "ref": "master",
        "rev": "28b07461c242ac5c08f1a166ba6614b09be1e07f",
        "revCount": 8106,
        "type": "git",
        "url": "https://github.com/dawsers/scroll"
      },
      "original": {
        "ref": "master",
        "type": "git",
        "url": "https://github.com/dawsers/scroll"
      }
    },
    "scroll-stable": {
      "flake": false,
      "locked": {
        "lastModified": 1767091886,
        "narHash": "sha256-1P+BHUzFMDN42dx9QCKW2fkkXggFZtmko/sQHeCx9IM=",
        "ref": "refs/tags/1.12.4",
        "rev": "7501869147e3066819e33152f3259370453c853f",
        "revCount": 8062,
        "type": "git",
        "url": "https://github.com/dawsers/scroll"
      },
      "original": {
        "ref": "refs/tags/1.12.4",
        "type": "git",
        "url": "https://github.com/dawsers/scroll"
      }
    }
  },
  "root": "root",
  "version": 7
}
